
Microsoft Visual Studio Solution File, Format Version 12.00
Project("{FAE04EC0-301F-11D3-BF4B-00C04F79EFBC}") = "SnakesAndLadders", "SnakesAndLadders\SnakesAndLadders.csproj", "{E7AE49C3-611C-4549-AD41-15FC19BCA32F}"
EndProject
Global
	GlobalSection(SolutionConfigurationPlatforms) = preSolution
		Debug|Any CPU = Debug|Any CPU
		Release|Any CPU = Release|Any CPU
	EndGlobalSection
	GlobalSection(ProjectConfigurationPlatforms) = postSolution
		{E7AE49C3-611C-4549-AD41-15FC19BCA32F}.Debug|Any CPU.ActiveCfg = Debug|Any CPU
		{E7AE49C3-611C-4549-AD41-15FC19BCA32F}.Debug|Any CPU.Build.0 = Debug|Any CPU
		{E7AE49C3-611C-4549-AD41-15FC19BCA32F}.Release|Any CPU.ActiveCfg = Release|Any CPU
		{E7AE49C3-611C-4549-AD41-15FC19BCA32F}.Release|Any CPU.Build.0 = Release|Any CPU
	EndGlobalSection
EndGlobal
